
Microsoft Visual Studio Solution File, Format Version 12.00
# Visual Studio 15
VisualStudioVersion = 15.0.28307.757
MinimumVisualStudioVersion = 10.0.40219.1
Project("{9A19103F-16F7-4668-BE54-9A1E7A4F7556}") = "CurlingSimulator", "CurlingSimulator\CurlingSimulator.csproj", "{4464A143-D3D0-476C-ADA7-368CFC914753}"
EndProject
Project("{FAE04EC0-301F-11D3-BF4B-00C04F79EFBC}") = "CurlingSimulatorTests", "CurlingSimulatorTests\CurlingSimulatorTests.csproj", "{6C0453F2-CA05-4E29-BF1E-89FBF29B3EF0}"
EndProject
Global
	GlobalSection(SolutionConfigurationPlatforms) = preSolution
		Debug|Any CPU = Debug|Any CPU
		Release|Any CPU = Release|Any CPU
	EndGlobalSection
	GlobalSection(ProjectConfigurationPlatforms) = postSolution
		{4464A143-D3D0-476C-ADA7-368CFC914753}.Debug|Any CPU.ActiveCfg = Debug|Any CPU
		{4464A143-D3D0-476C-ADA7-368CFC914753}.Debug|Any CPU.Build.0 = Debug|Any CPU
		{4464A143-D3D0-476C-ADA7-368CFC914753}.Release|Any CPU.ActiveCfg = Release|Any CPU
		{4464A143-D3D0-476C-ADA7-368CFC914753}.Release|Any CPU.Build.0 = Release|Any CPU
		{6C0453F2-CA05-4E29-BF1E-89FBF29B3EF0}.Debug|Any CPU.ActiveCfg = Debug|Any CPU
		{6C0453F2-CA05-4E29-BF1E-89FBF29B3EF0}.Debug|Any CPU.Build.0 = Debug|Any CPU
		{6C0453F2-CA05-4E29-BF1E-89FBF29B3EF0}.Release|Any CPU.ActiveCfg = Release|Any CPU
		{6C0453F2-CA05-4E29-BF1E-89FBF29B3EF0}.Release|Any CPU.Build.0 = Release|Any CPU
	EndGlobalSection
	GlobalSection(SolutionProperties) = preSolution
		HideSolutionNode = FALSE
	EndGlobalSection
	GlobalSection(ExtensibilityGlobals) = postSolution
		SolutionGuid = {75A7B5AF-BE65-4A68-AD4C-54B99E8DA860}
	EndGlobalSection
EndGlobal
